// !$*UTF8*$!
{
	archiveVersion = 1;
	classes = {
	};
	objectVersion = 50;
	objects = {

/* Begin PBXBuildFile section */
		440CC0E625FE6E6C000F8C0C /* AppDelegate.swift in Sources */ = {isa = PBXBuildFile; fileRef = 440CC0E525FE6E6C000F8C0C /* AppDelegate.swift */; };
		440CC0E825FE6E6C000F8C0C /* SceneDelegate.swift in Sources */ = {isa = PBXBuildFile; fileRef = 440CC0E725FE6E6C000F8C0C /* SceneDelegate.swift */; };
		440CC0EA25FE6E6C000F8C0C /* ViewController.swift in Sources */ = {isa = PBXBuildFile; fileRef = 440CC0E925FE6E6C000F8C0C /* ViewController.swift */; };
		440CC0ED25FE6E6C000F8C0C /* Main.storyboard in Resources */ = {isa = PBXBuildFile; fileRef = 440CC0EB25FE6E6C000F8C0C /* Main.storyboard */; };
		440CC0EF25FE6E70000F8C0C /* Assets.xcassets in Resources */ = {isa = PBXBuildFile; fileRef = 440CC0EE25FE6E70000F8C0C /* Assets.xcassets */; };
		440CC0F225FE6E70000F8C0C /* LaunchScreen.storyboard in Resources */ = {isa = PBXBuildFile; fileRef = 440CC0F025FE6E70000F8C0C /* LaunchScreen.storyboard */; };
		440CC0FD25FE6E70000F8C0C /* NotificationCenterTests.swift in Sources */ = {isa = PBXBuildFile; fileRef = 440CC0FC25FE6E70000F8C0C /* NotificationCenterTests.swift */; };
		440CC10825FE6E70000F8C0C /* NotificationCenterUITests.swift in Sources */ = {isa = PBXBuildFile; fileRef = 440CC10725FE6E70000F8C0C /* NotificationCenterUITests.swift */; };
/* End PBXBuildFile section */

/* Begin PBXContainerItemProxy section */
		440CC0F925FE6E70000F8C0C /* PBXContainerItemProxy */ = {
			isa = PBXContainerItemProxy;
			containerPortal = 440CC0DA25FE6E6C000F8C0C /* Project object */;
			proxyType = 1;
			remoteGlobalIDString = 440CC0E125FE6E6C000F8C0C;
			remoteInfo = NotificationCenter;
		};
		440CC10425FE6E70000F8C0C /* PBXContainerItemProxy */ = {
			isa = PBXContainerItemProxy;
			containerPortal = 440CC0DA25FE6E6C000F8C0C /* Project object */;
			proxyType = 1;
			remoteGlobalIDString = 440CC0E125FE6E6C000F8C0C;
			remoteInfo = NotificationCenter;
		};
/* End PBXContainerItemProxy section */

/* Begin PBXFileReference section */
		440CC0E225FE6E6C000F8C0C /* NotificationCenter.app */ = {isa = PBXFileReference; explicitFileType = wrapper.application; includeInIndex = 0; path = NotificationCenter.app; sourceTree = BUILT_PRODUCTS_DIR; };
		440CC0E525FE6E6C000F8C0C /* AppDelegate.swift */ = {isa = PBXFileReference; lastKnownFileType = sourcecode.swift; path = AppDelegate.swift; sourceTree = "<group>"; };
		440CC0E725FE6E6C000F8C0C /* SceneDelegate.swift */ = {isa = PBXFileReference; lastKnownFileType = sourcecode.swift; path = SceneDelegate.swift; sourceTree = "<group>"; };
		440CC0E925FE6E6C000F8C0C /* ViewController.swift */ = {isa = PBXFileReference; lastKnownFileType = sourcecode.swift; path = ViewController.swift; sourceTree = "<group>"; };
		440CC0EC25FE6E6C000F8C0C /* Base */ = {isa = PBXFileReference; lastKnownFileType = file.storyboard; name = Base; path = Base.lproj/Main.storyboard; sourceTree = "<group>"; };
		440CC0EE25FE6E70000F8C0C /* Assets.xcassets */ = {isa = PBXFileReference; lastKnownFileType = folder.assetcatalog; path = Assets.xcassets; sourceTree = "<group>"; };
		440CC0F125FE6E70000F8C0C /* Base */ = {isa = PBXFileReference; lastKnownFileType = file.storyboard; name = Base; path = Base.lproj/LaunchScreen.storyboard; sourceTree = "<group>"; };
		440CC0F325FE6E70000F8C0C /* Info.plist */ = {isa = PBXFileReference; lastKnownFileType = text.plist.xml; path = Info.plist; sourceTree = "<group>"; };
		440CC0F825FE6E70000F8C0C /* NotificationCenterTests.xctest */ = {isa = PBXFileReference; explicitFileType = wrapper.cfbundle; includeInIndex = 0; path = NotificationCenterTests.xctest; sourceTree = BUILT_PRODUCTS_DIR; };
		440CC0FC25FE6E70000F8C0C /* NotificationCenterTests.swift */ = {isa = PBXFileReference; lastKnownFileType = sourcecode.swift; path = NotificationCenterTests.swift; sourceTree = "<group>"; };
		440CC0FE25FE6E70000F8C0C /* Info.plist */ = {isa = PBXFileReference; lastKnownFileType = text.plist.xml; path = Info.plist; sourceTree = "<group>"; };
		440CC10325FE6E70000F8C0C /* NotificationCenterUITests.xctest */ = {isa = PBXFileReference; explicitFileType = wrapper.cfbundle; includeInIndex = 0; path = NotificationCenterUITests.xctest; sourceTree = BUILT_PRODUCTS_DIR; };
		440CC10725FE6E70000F8C0C /* NotificationCenterUITests.swift */ = {isa = PBXFileReference; lastKnownFileType = sourcecode.swift; path = NotificationCenterUITests.swift; sourceTree = "<group>"; };
		440CC10925FE6E70000F8C0C /* Info.plist */ = {isa = PBXFileReference; lastKnownFileType = text.plist.xml; path = Info.plist; sourceTree = "<group>"; };
/* End PBXFileReference section */

/* Begin PBXFrameworksBuildPhase section */
		440CC0DF25FE6E6C000F8C0C /* Frameworks */ = {
			isa = PBXFrameworksBuildPhase;
			buildActionMask = 2147483647;
			files = (
			);
			runOnlyForDeploymentPostprocessing = 0;
		};
		440CC0F525FE6E70000F8C0C /* Frameworks */ = {
			isa = PBXFrameworksBuildPhase;
			buildActionMask = 2147483647;
			files = (
			);
			runOnlyForDeploymentPostprocessing = 0;
		};
		440CC10025FE6E70000F8C0C /* Frameworks */ = {
			isa = PBXFrameworksBuildPhase;
			buildActionMask = 2147483647;
			files = (
			);
			runOnlyForDeploymentPostprocessing = 0;
		};
/* End PBXFrameworksBuildPhase section */

/* Begin PBXGroup section */
		440CC0D925FE6E6C000F8C0C = {
			isa = PBXGroup;
			children = (
				440CC0E425FE6E6C000F8C0C /* NotificationCenter */,
				440CC0FB25FE6E70000F8C0C /* NotificationCenterTests */,
				440CC10625FE6E70000F8C0C /* NotificationCenterUITests */,
				440CC0E325FE6E6C000F8C0C /* Products */,
			);
			sourceTree = "<group>";
		};
		440CC0E325FE6E6C000F8C0C /* Products */ = {
			isa = PBXGroup;
			children = (
				440CC0E225FE6E6C000F8C0C /* NotificationCenter.app */,
				440CC0F825FE6E70000F8C0C /* NotificationCenterTests.xctest */,
				440CC10325FE6E70000F8C0C /* NotificationCenterUITests.xctest */,
			);
			name = Products;
			sourceTree = "<group>";
		};
		440CC0E425FE6E6C000F8C0C /* NotificationCenter */ = {
			isa = PBXGroup;
			children = (
				440CC0E525FE6E6C000F8C0C /* AppDelegate.swift */,
				440CC0E725FE6E6C000F8C0C /* SceneDelegate.swift */,
				440CC0E925FE6E6C000F8C0C /* ViewController.swift */,
				440CC0EB25FE6E6C000F8C0C /* Main.storyboard */,
				440CC0EE25FE6E70000F8C0C /* Assets.xcassets */,
				440CC0F025FE6E70000F8C0C /* LaunchScreen.storyboard */,
				440CC0F325FE6E70000F8C0C /* Info.plist */,
			);
			path = NotificationCenter;
			sourceTree = "<group>";
		};
		440CC0FB25FE6E70000F8C0C /* NotificationCenterTests */ = {
			isa = PBXGroup;
			children = (
				440CC0FC25FE6E70000F8C0C /* NotificationCenterTests.swift */,
				440CC0FE25FE6E70000F8C0C /* Info.plist */,
			);
			path = NotificationCenterTests;
			sourceTree = "<group>";
		};
		440CC10625FE6E70000F8C0C /* NotificationCenterUITests */ = {
			isa = PBXGroup;
			children = (
				440CC10725FE6E70000F8C0C /* NotificationCenterUITests.swift */,
				440CC10925FE6E70000F8C0C /* Info.plist */,
			);
			path = NotificationCenterUITests;
			sourceTree = "<group>";
		};
/* End PBXGroup section */

/* Begin PBXNativeTarget section */
		440CC0E125FE6E6C000F8C0C /* NotificationCenter */ = {
			isa = PBXNativeTarget;
			buildConfigurationList = 440CC10C25FE6E70000F8C0C /* Build configuration list for PBXNativeTarget "NotificationCenter" */;
			buildPhases = (
				440CC0DE25FE6E6C000F8C0C /* Sources */,
				440CC0DF25FE6E6C000F8C0C /* Frameworks */,
				440CC0E025FE6E6C000F8C0C /* Resources */,
			);
			buildRules = (
			);
			dependencies = (
			);
			name = NotificationCenter;
			productName = NotificationCenter;
			productReference = 440CC0E225FE6E6C000F8C0C /* NotificationCenter.app */;
			productType = "com.apple.product-type.application";
		};
		440CC0F725FE6E70000F8C0C /* NotificationCenterTests */ = {
			isa = PBXNativeTarget;
			buildConfigurationList = 440CC10F25FE6E70000F8C0C /* Build configuration list for PBXNativeTarget "NotificationCenterTests" */;
			buildPhases = (
				440CC0F425FE6E70000F8C0C /* Sources */,
				440CC0F525FE6E70000F8C0C /* Frameworks */,
				440CC0F625FE6E70000F8C0C /* Resources */,
			);
			buildRules = (
			);
			dependencies = (
				440CC0FA25FE6E70000F8C0C /* PBXTargetDependency */,
			);
			name = NotificationCenterTests;
			productName = NotificationCenterTests;
			productReference = 440CC0F825FE6E70000F8C0C /* NotificationCenterTests.xctest */;
			productType = "com.apple.product-type.bundle.unit-test";
		};
		440CC10225FE6E70000F8C0C /* NotificationCenterUITests */ = {
			isa = PBXNativeTarget;
			buildConfigurationList = 440CC11225FE6E70000F8C0C /* Build configuration list for PBXNativeTarget "NotificationCenterUITests" */;
			buildPhases = (
				440CC0FF25FE6E70000F8C0C /* Sources */,
				440CC10025FE6E70000F8C0C /* Frameworks */,
				440CC10125FE6E70000F8C0C /* Resources */,
			);
			buildRules = (
			);
			dependencies = (
				440CC10525FE6E70000F8C0C /* PBXTargetDependency */,
			);
			name = NotificationCenterUITests;
			productName = NotificationCenterUITests;
			productReference = 440CC10325FE6E70000F8C0C /* NotificationCenterUITests.xctest */;
			productType = "com.apple.product-type.bundle.ui-testing";
		};
/* End PBXNativeTarget section */

/* Begin PBXProject section */
		440CC0DA25FE6E6C000F8C0C /* Project object */ = {
			isa = PBXProject;
			attributes = {
				LastSwiftUpdateCheck = 1240;
				LastUpgradeCheck = 1240;
				TargetAttributes = {
					440CC0E125FE6E6C000F8C0C = {
						CreatedOnToolsVersion = 12.4;
					};
					440CC0F725FE6E70000F8C0C = {
						CreatedOnToolsVersion = 12.4;
						TestTargetID = 440CC0E125FE6E6C000F8C0C;
					};
					440CC10225FE6E70000F8C0C = {
						CreatedOnToolsVersion = 12.4;
						TestTargetID = 440CC0E125FE6E6C000F8C0C;
					};
				};
			};
			buildConfigurationList = 440CC0DD25FE6E6C000F8C0C /* Build configuration list for PBXProject "NotificationCenter" */;
			compatibilityVersion = "Xcode 9.3";
			developmentRegion = en;
			hasScannedForEncodings = 0;
			knownRegions = (
				en,
				Base,
			);
			mainGroup = 440CC0D925FE6E6C000F8C0C;
			productRefGroup = 440CC0E325FE6E6C000F8C0C /* Products */;
			projectDirPath = "";
			projectRoot = "";
			targets = (
				440CC0E125FE6E6C000F8C0C /* NotificationCenter */,
				440CC0F725FE6E70000F8C0C /* NotificationCenterTests */,
				440CC10225FE6E70000F8C0C /* NotificationCenterUITests */,
			);
		};
/* End PBXProject section */

/* Begin PBXResourcesBuildPhase section */
		440CC0E025FE6E6C000F8C0C /* Resources */ = {
			isa = PBXResourcesBuildPhase;
			buildActionMask = 2147483647;
			files = (
				440CC0F225FE6E70000F8C0C /* LaunchScreen.storyboard in Resources */,
				440CC0EF25FE6E70000F8C0C /* Assets.xcassets in Resources */,
				440CC0ED25FE6E6C000F8C0C /* Main.storyboard in Resources */,
			);
			runOnlyForDeploymentPostprocessing = 0;
		};
		440CC0F625FE6E70000F8C0C /* Resources */ = {
			isa = PBXResourcesBuildPhase;
			buildActionMask = 2147483647;
			files = (
			);
			runOnlyForDeploymentPostprocessing = 0;
		};
		440CC10125FE6E70000F8C0C /* Resources */ = {
			isa = PBXResourcesBuildPhase;
			buildActionMask = 2147483647;
			files = (
			);
			runOnlyForDeploymentPostprocessing = 0;
		};
/* End PBXResourcesBuildPhase section */

/* Begin PBXSourcesBuildPhase section */
		440CC0DE25FE6E6C000F8C0C /* Sources */ = {
			isa = PBXSourcesBuildPhase;
			buildActionMask = 2147483647;
			files = (
				440CC0EA25FE6E6C000F8C0C /* ViewController.swift in Sources */,
				440CC0E625FE6E6C000F8C0C /* AppDelegate.swift in Sources */,
				440CC0E825FE6E6C000F8C0C /* SceneDelegate.swift in Sources */,
			);
			runOnlyForDeploymentPostprocessing = 0;
		};
		440CC0F425FE6E70000F8C0C /* Sources */ = {
			isa = PBXSourcesBuildPhase;
			buildActionMask = 2147483647;
			files = (
				440CC0FD25FE6E70000F8C0C /* NotificationCenterTests.swift in Sources */,
			);
			runOnlyForDeploymentPostprocessing = 0;
		};
		440CC0FF25FE6E70000F8C0C /* Sources */ = {
			isa = PBXSourcesBuildPhase;
			buildActionMask = 2147483647;
			files = (
				440CC10825FE6E70000F8C0C /* NotificationCenterUITests.swift in Sources */,
			);
			runOnlyForDeploymentPostprocessing = 0;
		};
/* End PBXSourcesBuildPhase section */

/* Begin PBXTargetDependency section */
		440CC0FA25FE6E70000F8C0C /* PBXTargetDependency */ = {
			isa = PBXTargetDependency;
			target = 440CC0E125FE6E6C000F8C0C /* NotificationCenter */;
			targetProxy = 440CC0F925FE6E70000F8C0C /* PBXContainerItemProxy */;
		};
		440CC10525FE6E70000F8C0C /* PBXTargetDependency */ = {
			isa = PBXTargetDependency;
			target = 440CC0E125FE6E6C000F8C0C /* NotificationCenter */;
			targetProxy = 440CC10425FE6E70000F8C0C /* PBXContainerItemProxy */;
		};
/* End PBXTargetDependency section */

/* Begin PBXVariantGroup section */
		440CC0EB25FE6E6C000F8C0C /* Main.storyboard */ = {
			isa = PBXVariantGroup;
			children = (
				440CC0EC25FE6E6C000F8C0C /* Base */,
			);
			name = Main.storyboard;
			sourceTree = "<group>";
		};
		440CC0F025FE6E70000F8C0C /* LaunchScreen.storyboard */ = {
			isa = PBXVariantGroup;
			children = (
				440CC0F125FE6E70000F8C0C /* Base */,
			);
			name = LaunchScreen.storyboard;
			sourceTree = "<group>";
		};
/* End PBXVariantGroup section */

/* Begin XCBuildConfiguration section */
		440CC10A25FE6E70000F8C0C /* Debug */ = {
			isa = XCBuildConfiguration;
			buildSettings = {
				ALWAYS_SEARCH_USER_PATHS = NO;
				CLANG_ANALYZER_NONNULL = YES;
				CLANG_ANALYZER_NUMBER_OBJECT_CONVERSION = YES_AGGRESSIVE;
				CLANG_CXX_LANGUAGE_STANDARD = "gnu++14";
				CLANG_CXX_LIBRARY = "libc++";
				CLANG_ENABLE_MODULES = YES;
				CLANG_ENABLE_OBJC_ARC = YES;
				CLANG_ENABLE_OBJC_WEAK = YES;
				CLANG_WARN_BLOCK_CAPTURE_AUTORELEASING = YES;
				CLANG_WARN_BOOL_CONVERSION = YES;
				CLANG_WARN_COMMA = YES;
				CLANG_WARN_CONSTANT_CONVERSION = YES;
				CLANG_WARN_DEPRECATED_OBJC_IMPLEMENTATIONS = YES;
				CLANG_WARN_DIRECT_OBJC_ISA_USAGE = YES_ERROR;
				CLANG_WARN_DOCUMENTATION_COMMENTS = YES;
				CLANG_WARN_EMPTY_BODY = YES;
				CLANG_WARN_ENUM_CONVERSION = YES;
				CLANG_WARN_INFINITE_RECURSION = YES;
				CLANG_WARN_INT_CONVERSION = YES;
				CLANG_WARN_NON_LITERAL_NULL_CONVERSION = YES;
				CLANG_WARN_OBJC_IMPLICIT_RETAIN_SELF = YES;
				CLANG_WARN_OBJC_LITERAL_CONVERSION = YES;
				CLANG_WARN_OBJC_ROOT_CLASS = YES_ERROR;
				CLANG_WARN_QUOTED_INCLUDE_IN_FRAMEWORK_HEADER = YES;
				CLANG_WARN_RANGE_LOOP_ANALYSIS = YES;
				CLANG_WARN_STRICT_PROTOTYPES = YES;
				CLANG_WARN_SUSPICIOUS_MOVE = YES;
				CLANG_WARN_UNGUARDED_AVAILABILITY = YES_AGGRESSIVE;
				CLANG_WARN_UNREACHABLE_CODE = YES;
				CLANG_WARN__DUPLICATE_METHOD_MATCH = YES;
				COPY_PHASE_STRIP = NO;
				DEBUG_INFORMATION_FORMAT = dwarf;
				ENABLE_STRICT_OBJC_MSGSEND = YES;
				ENABLE_TESTABILITY = YES;
				GCC_C_LANGUAGE_STANDARD = gnu11;
				GCC_DYNAMIC_NO_PIC = NO;
				GCC_NO_COMMON_BLOCKS = YES;
				GCC_OPTIMIZATION_LEVEL = 0;
				GCC_PREPROCESSOR_DEFINITIONS = (
					"DEBUG=1",
					"$(inherited)",
				);
				GCC_WARN_64_TO_32_BIT_CONVERSION = YES;
				GCC_WARN_ABOUT_RETURN_TYPE = YES_ERROR;
				GCC_WARN_UNDECLARED_SELECTOR = YES;
				GCC_WARN_UNINITIALIZED_AUTOS = YES_AGGRESSIVE;
				GCC_WARN_UNUSED_FUNCTION = YES;
				GCC_WARN_UNUSED_VARIABLE = YES;
				IPHONEOS_DEPLOYMENT_TARGET = 14.4;
				MTL_ENABLE_DEBUG_INFO = INCLUDE_SOURCE;
				MTL_FAST_MATH = YES;
				ONLY_ACTIVE_ARCH = YES;
				SDKROOT = iphoneos;
				SWIFT_ACTIVE_COMPILATION_CONDITIONS = DEBUG;
				SWIFT_OPTIMIZATION_LEVEL = "-Onone";
			};
			name = Debug;
		};
		440CC10B25FE6E70000F8C0C /* Release */ = {
			isa = XCBuildConfiguration;
			buildSettings = {
				ALWAYS_SEARCH_USER_PATHS = NO;
				CLANG_ANALYZER_NONNULL = YES;
				CLANG_ANALYZER_NUMBER_OBJECT_CONVERSION = YES_AGGRESSIVE;
				CLANG_CXX_LANGUAGE_STANDARD = "gnu++14";
				CLANG_CXX_LIBRARY = "libc++";
				CLANG_ENABLE_MODULES = YES;
				CLANG_ENABLE_OBJC_ARC = YES;
				CLANG_ENABLE_OBJC_WEAK = YES;
				CLANG_WARN_BLOCK_CAPTURE_AUTORELEASING = YES;
				CLANG_WARN_BOOL_CONVERSION = YES;
				CLANG_WARN_COMMA = YES;
				CLANG_WARN_CONSTANT_CONVERSION = YES;
				CLANG_WARN_DEPRECATED_OBJC_IMPLEMENTATIONS = YES;
				CLANG_WARN_DIRECT_OBJC_ISA_USAGE = YES_ERROR;
				CLANG_WARN_DOCUMENTATION_COMMENTS = YES;
				CLANG_WARN_EMPTY_BODY = YES;
				CLANG_WARN_ENUM_CONVERSION = YES;
				CLANG_WARN_INFINITE_RECURSION = YES;
				CLANG_WARN_INT_CONVERSION = YES;
				CLANG_WARN_NON_LITERAL_NULL_CONVERSION = YES;
				CLANG_WARN_OBJC_IMPLICIT_RETAIN_SELF = YES;
				CLANG_WARN_OBJC_LITERAL_CONVERSION = YES;
				CLANG_WARN_OBJC_ROOT_CLASS = YES_ERROR;
				CLANG_WARN_QUOTED_INCLUDE_IN_FRAMEWORK_HEADER = YES;
				CLANG_WARN_RANGE_LOOP_ANALYSIS = YES;
				CLANG_WARN_STRICT_PROTOTYPES = YES;
				CLANG_WARN_SUSPICIOUS_MOVE = YES;
				CLANG_WARN_UNGUARDED_AVAILABILITY = YES_AGGRESSIVE;
				CLANG_WARN_UNREACHABLE_CODE = YES;
				CLANG_WARN__DUPLICATE_METHOD_MATCH = YES;
				COPY_PHASE_STRIP = NO;
				DEBUG_INFORMATION_FORMAT = "dwarf-with-dsym";
				ENABLE_NS_ASSERTIONS = NO;
				ENABLE_STRICT_OBJC_MSGSEND = YES;
				GCC_C_LANGUAGE_STANDARD = gnu11;
				GCC_NO_COMMON_BLOCKS = YES;
				GCC_WARN_64_TO_32_BIT_CONVERSION = YES;
				GCC_WARN_ABOUT_RETURN_TYPE = YES_ERROR;
				GCC_WARN_UNDECLARED_SELECTOR = YES;
				GCC_WARN_UNINITIALIZED_AUTOS = YES_AGGRESSIVE;
				GCC_WARN_UNUSED_FUNCTION = YES;
				GCC_WARN_UNUSED_VARIABLE = YES;
				IPHONEOS_DEPLOYMENT_TARGET = 14.4;
				MTL_ENABLE_DEBUG_INFO = NO;
				MTL_FAST_MATH = YES;
				SDKROOT = iphoneos;
				SWIFT_COMPILATION_MODE = wholemodule;
				SWIFT_OPTIMIZATION_LEVEL = "-O";
				VALIDATE_PRODUCT = YES;
			};
			name = Release;
		};
		440CC10D25FE6E70000F8C0C /* Debug */ = {
			isa = XCBuildConfiguration;
			buildSettings = {
				ASSETCATALOG_COMPILER_APPICON_NAME = AppIcon;
				ASSETCATALOG_COMPILER_GLOBAL_ACCENT_COLOR_NAME = AccentColor;
				CODE_SIGN_STYLE = Automatic;
				INFOPLIST_FILE = NotificationCenter/Info.plist;
				LD_RUNPATH_SEARCH_PATHS = (
					"$(inherited)",
					"@executable_path/Frameworks",
				);
				PRODUCT_BUNDLE_IDENTIFIER = com.getweys.NotificationCenter;
				PRODUCT_NAME = "$(TARGET_NAME)";
				SWIFT_VERSION = 5.0;
				TARGETED_DEVICE_FAMILY = "1,2";
			};
			name = Debug;
		};
		440CC10E25FE6E70000F8C0C /* Release */ = {
			isa = XCBuildConfiguration;
			buildSettings = {
				ASSETCATALOG_COMPILER_APPICON_NAME = AppIcon;
				ASSETCATALOG_COMPILER_GLOBAL_ACCENT_COLOR_NAME = AccentColor;
				CODE_SIGN_STYLE = Automatic;
				INFOPLIST_FILE = NotificationCenter/Info.plist;
				LD_RUNPATH_SEARCH_PATHS = (
					"$(inherited)",
					"@executable_path/Frameworks",
				);
				PRODUCT_BUNDLE_IDENTIFIER = com.getweys.NotificationCenter;
				PRODUCT_NAME = "$(TARGET_NAME)";
				SWIFT_VERSION = 5.0;
				TARGETED_DEVICE_FAMILY = "1,2";
			};
			name = Release;
		};
		440CC11025FE6E70000F8C0C /* Debug */ = {
			isa = XCBuildConfiguration;
			buildSettings = {
				ALWAYS_EMBED_SWIFT_STANDARD_LIBRARIES = YES;
				BUNDLE_LOADER = "$(TEST_HOST)";
				CODE_SIGN_STYLE = Automatic;
				INFOPLIST_FILE = NotificationCenterTests/Info.plist;
				IPHONEOS_DEPLOYMENT_TARGET = 14.4;
				LD_RUNPATH_SEARCH_PATHS = (
					"$(inherited)",
					"@executable_path/Frameworks",
					"@loader_path/Frameworks",
				);
				PRODUCT_BUNDLE_IDENTIFIER = com.getweys.NotificationCenterTests;
				PRODUCT_NAME = "$(TARGET_NAME)";
				SWIFT_VERSION = 5.0;
				TARGETED_DEVICE_FAMILY = "1,2";
				TEST_HOST = "$(BUILT_PRODUCTS_DIR)/NotificationCenter.app/NotificationCenter";
			};
			name = Debug;
		};
		440CC11125FE6E70000F8C0C /* Release */ = {
			isa = XCBuildConfiguration;
			buildSettings = {
				ALWAYS_EMBED_SWIFT_STANDARD_LIBRARIES = YES;
				BUNDLE_LOADER = "$(TEST_HOST)";
				CODE_SIGN_STYLE = Automatic;
				INFOPLIST_FILE = NotificationCenterTests/Info.plist;
				IPHONEOS_DEPLOYMENT_TARGET = 14.4;
				LD_RUNPATH_SEARCH_PATHS = (
					"$(inherited)",
					"@executable_path/Frameworks",
					"@loader_path/Frameworks",
				);
				PRODUCT_BUNDLE_IDENTIFIER = com.getweys.NotificationCenterTests;
				PRODUCT_NAME = "$(TARGET_NAME)";
				SWIFT_VERSION = 5.0;
				TARGETED_DEVICE_FAMILY = "1,2";
				TEST_HOST = "$(BUILT_PRODUCTS_DIR)/NotificationCenter.app/NotificationCenter";
			};
			name = Release;
		};
		440CC11325FE6E70000F8C0C /* Debug */ = {
			isa = XCBuildConfiguration;
			buildSettings = {
				ALWAYS_EMBED_SWIFT_STANDARD_LIBRARIES = YES;
				CODE_SIGN_STYLE = Automatic;
				INFOPLIST_FILE = NotificationCenterUITests/Info.plist;
				LD_RUNPATH_SEARCH_PATHS = (
					"$(inherited)",
					"@executable_path/Frameworks",
					"@loader_path/Frameworks",
				);
				PRODUCT_BUNDLE_IDENTIFIER = com.getweys.NotificationCenterUITests;
				PRODUCT_NAME = "$(TARGET_NAME)";
				SWIFT_VERSION = 5.0;
				TARGETED_DEVICE_FAMILY = "1,2";
				TEST_TARGET_NAME = NotificationCenter;
			};
			name = Debug;
		};
		440CC11425FE6E70000F8C0C /* Release */ = {
			isa = XCBuildConfiguration;
			buildSettings = {
				ALWAYS_EMBED_SWIFT_STANDARD_LIBRARIES = YES;
				CODE_SIGN_STYLE = Automatic;
				INFOPLIST_FILE = NotificationCenterUITests/Info.plist;
				LD_RUNPATH_SEARCH_PATHS = (
					"$(inherited)",
					"@executable_path/Frameworks",
					"@loader_path/Frameworks",
				);
				PRODUCT_BUNDLE_IDENTIFIER = com.getweys.NotificationCenterUITests;
				PRODUCT_NAME = "$(TARGET_NAME)";
				SWIFT_VERSION = 5.0;
				TARGETED_DEVICE_FAMILY = "1,2";
				TEST_TARGET_NAME = NotificationCenter;
			};
			name = Release;
		};
/* End XCBuildConfiguration section */

/* Begin XCConfigurationList section */
		440CC0DD25FE6E6C000F8C0C /* Build configuration list for PBXProject "NotificationCenter" */ = {
			isa = XCConfigurationList;
			buildConfigurations = (
				440CC10A25FE6E70000F8C0C /* Debug */,
				440CC10B25FE6E70000F8C0C /* Release */,
			);
			defaultConfigurationIsVisible = 0;
			defaultConfigurationName = Release;
		};
		440CC10C25FE6E70000F8C0C /* Build configuration list for PBXNativeTarget "NotificationCenter" */ = {
			isa = XCConfigurationList;
			buildConfigurations = (
				440CC10D25FE6E70000F8C0C /* Debug */,
				440CC10E25FE6E70000F8C0C /* Release */,
			);
			defaultConfigurationIsVisible = 0;
			defaultConfigurationName = Release;
		};
		440CC10F25FE6E70000F8C0C /* Build configuration list for PBXNativeTarget "NotificationCenterTests" */ = {
			isa = XCConfigurationList;
			buildConfigurations = (
				440CC11025FE6E70000F8C0C /* Debug */,
				440CC11125FE6E70000F8C0C /* Release */,
			);
			defaultConfigurationIsVisible = 0;
			defaultConfigurationName = Release;
		};
		440CC11225FE6E70000F8C0C /* Build configuration list for PBXNativeTarget "NotificationCenterUITests" */ = {
			isa = XCConfigurationList;
			buildConfigurations = (
				440CC11325FE6E70000F8C0C /* Debug */,
				440CC11425FE6E70000F8C0C /* Release */,
			);
			defaultConfigurationIsVisible = 0;
			defaultConfigurationName = Release;
		};
/* End XCConfigurationList section */
	};
	rootObject = 440CC0DA25FE6E6C000F8C0C /* Project object */;
}
