// !$*UTF8*$!
{
	archiveVersion = 1;
	classes = {
	};
	objectVersion = 50;
	objects = {

/* Begin PBXBuildFile section */
		44AFC1FA25FE0768007C81BD /* AppDelegate.swift in Sources */ = {isa = PBXBuildFile; fileRef = 44AFC1F925FE0768007C81BD /* AppDelegate.swift */; };
		44AFC1FC25FE0768007C81BD /* SceneDelegate.swift in Sources */ = {isa = PBXBuildFile; fileRef = 44AFC1FB25FE0768007C81BD /* SceneDelegate.swift */; };
		44AFC1FE25FE0768007C81BD /* ViewController.swift in Sources */ = {isa = PBXBuildFile; fileRef = 44AFC1FD25FE0768007C81BD /* ViewController.swift */; };
		44AFC20125FE0768007C81BD /* Main.storyboard in Resources */ = {isa = PBXBuildFile; fileRef = 44AFC1FF25FE0768007C81BD /* Main.storyboard */; };
		44AFC20325FE0768007C81BD /* Assets.xcassets in Resources */ = {isa = PBXBuildFile; fileRef = 44AFC20225FE0768007C81BD /* Assets.xcassets */; };
		44AFC20625FE0768007C81BD /* LaunchScreen.storyboard in Resources */ = {isa = PBXBuildFile; fileRef = 44AFC20425FE0768007C81BD /* LaunchScreen.storyboard */; };
		44AFC21125FE0769007C81BD /* storyboardnavigationTests.swift in Sources */ = {isa = PBXBuildFile; fileRef = 44AFC21025FE0769007C81BD /* storyboardnavigationTests.swift */; };
		44AFC21C25FE0769007C81BD /* storyboardnavigationUITests.swift in Sources */ = {isa = PBXBuildFile; fileRef = 44AFC21B25FE0769007C81BD /* storyboardnavigationUITests.swift */; };
		44AFC22D25FE1EFB007C81BD /* DetailViewController.swift in Sources */ = {isa = PBXBuildFile; fileRef = 44AFC22C25FE1EFB007C81BD /* DetailViewController.swift */; };
		44AFC23225FE1F1E007C81BD /* ThirdViewController.swift in Sources */ = {isa = PBXBuildFile; fileRef = 44AFC23125FE1F1E007C81BD /* ThirdViewController.swift */; };
/* End PBXBuildFile section */

/* Begin PBXContainerItemProxy section */
		44AFC20D25FE0769007C81BD /* PBXContainerItemProxy */ = {
			isa = PBXContainerItemProxy;
			containerPortal = 44AFC1EE25FE0767007C81BD /* Project object */;
			proxyType = 1;
			remoteGlobalIDString = 44AFC1F525FE0767007C81BD;
			remoteInfo = storyboardnavigation;
		};
		44AFC21825FE0769007C81BD /* PBXContainerItemProxy */ = {
			isa = PBXContainerItemProxy;
			containerPortal = 44AFC1EE25FE0767007C81BD /* Project object */;
			proxyType = 1;
			remoteGlobalIDString = 44AFC1F525FE0767007C81BD;
			remoteInfo = storyboardnavigation;
		};
/* End PBXContainerItemProxy section */

/* Begin PBXFileReference section */
		44AFC1F625FE0768007C81BD /* storyboardnavigation.app */ = {isa = PBXFileReference; explicitFileType = wrapper.application; includeInIndex = 0; path = storyboardnavigation.app; sourceTree = BUILT_PRODUCTS_DIR; };
		44AFC1F925FE0768007C81BD /* AppDelegate.swift */ = {isa = PBXFileReference; lastKnownFileType = sourcecode.swift; path = AppDelegate.swift; sourceTree = "<group>"; };
		44AFC1FB25FE0768007C81BD /* SceneDelegate.swift */ = {isa = PBXFileReference; lastKnownFileType = sourcecode.swift; path = SceneDelegate.swift; sourceTree = "<group>"; };
		44AFC1FD25FE0768007C81BD /* ViewController.swift */ = {isa = PBXFileReference; lastKnownFileType = sourcecode.swift; path = ViewController.swift; sourceTree = "<group>"; };
		44AFC20025FE0768007C81BD /* Base */ = {isa = PBXFileReference; lastKnownFileType = file.storyboard; name = Base; path = Base.lproj/Main.storyboard; sourceTree = "<group>"; };
		44AFC20225FE0768007C81BD /* Assets.xcassets */ = {isa = PBXFileReference; lastKnownFileType = folder.assetcatalog; path = Assets.xcassets; sourceTree = "<group>"; };
		44AFC20525FE0768007C81BD /* Base */ = {isa = PBXFileReference; lastKnownFileType = file.storyboard; name = Base; path = Base.lproj/LaunchScreen.storyboard; sourceTree = "<group>"; };
		44AFC20725FE0768007C81BD /* Info.plist */ = {isa = PBXFileReference; lastKnownFileType = text.plist.xml; path = Info.plist; sourceTree = "<group>"; };
		44AFC20C25FE0769007C81BD /* storyboardnavigationTests.xctest */ = {isa = PBXFileReference; explicitFileType = wrapper.cfbundle; includeInIndex = 0; path = storyboardnavigationTests.xctest; sourceTree = BUILT_PRODUCTS_DIR; };
		44AFC21025FE0769007C81BD /* storyboardnavigationTests.swift */ = {isa = PBXFileReference; lastKnownFileType = sourcecode.swift; path = storyboardnavigationTests.swift; sourceTree = "<group>"; };
		44AFC21225FE0769007C81BD /* Info.plist */ = {isa = PBXFileReference; lastKnownFileType = text.plist.xml; path = Info.plist; sourceTree = "<group>"; };
		44AFC21725FE0769007C81BD /* storyboardnavigationUITests.xctest */ = {isa = PBXFileReference; explicitFileType = wrapper.cfbundle; includeInIndex = 0; path = storyboardnavigationUITests.xctest; sourceTree = BUILT_PRODUCTS_DIR; };
		44AFC21B25FE0769007C81BD /* storyboardnavigationUITests.swift */ = {isa = PBXFileReference; lastKnownFileType = sourcecode.swift; path = storyboardnavigationUITests.swift; sourceTree = "<group>"; };
		44AFC21D25FE0769007C81BD /* Info.plist */ = {isa = PBXFileReference; lastKnownFileType = text.plist.xml; path = Info.plist; sourceTree = "<group>"; };
		44AFC22C25FE1EFB007C81BD /* DetailViewController.swift */ = {isa = PBXFileReference; lastKnownFileType = sourcecode.swift; path = DetailViewController.swift; sourceTree = "<group>"; };
		44AFC23125FE1F1E007C81BD /* ThirdViewController.swift */ = {isa = PBXFileReference; lastKnownFileType = sourcecode.swift; path = ThirdViewController.swift; sourceTree = "<group>"; };
/* End PBXFileReference section */

/* Begin PBXFrameworksBuildPhase section */
		44AFC1F325FE0767007C81BD /* Frameworks */ = {
			isa = PBXFrameworksBuildPhase;
			buildActionMask = 2147483647;
			files = (
			);
			runOnlyForDeploymentPostprocessing = 0;
		};
		44AFC20925FE0769007C81BD /* Frameworks */ = {
			isa = PBXFrameworksBuildPhase;
			buildActionMask = 2147483647;
			files = (
			);
			runOnlyForDeploymentPostprocessing = 0;
		};
		44AFC21425FE0769007C81BD /* Frameworks */ = {
			isa = PBXFrameworksBuildPhase;
			buildActionMask = 2147483647;
			files = (
			);
			runOnlyForDeploymentPostprocessing = 0;
		};
/* End PBXFrameworksBuildPhase section */

/* Begin PBXGroup section */
		44AFC1ED25FE0767007C81BD = {
			isa = PBXGroup;
			children = (
				44AFC1F825FE0768007C81BD /* storyboardnavigation */,
				44AFC20F25FE0769007C81BD /* storyboardnavigationTests */,
				44AFC21A25FE0769007C81BD /* storyboardnavigationUITests */,
				44AFC1F725FE0768007C81BD /* Products */,
			);
			sourceTree = "<group>";
		};
		44AFC1F725FE0768007C81BD /* Products */ = {
			isa = PBXGroup;
			children = (
				44AFC1F625FE0768007C81BD /* storyboardnavigation.app */,
				44AFC20C25FE0769007C81BD /* storyboardnavigationTests.xctest */,
				44AFC21725FE0769007C81BD /* storyboardnavigationUITests.xctest */,
			);
			name = Products;
			sourceTree = "<group>";
		};
		44AFC1F825FE0768007C81BD /* storyboardnavigation */ = {
			isa = PBXGroup;
			children = (
				44AFC1F925FE0768007C81BD /* AppDelegate.swift */,
				44AFC1FB25FE0768007C81BD /* SceneDelegate.swift */,
				44AFC1FD25FE0768007C81BD /* ViewController.swift */,
				44AFC1FF25FE0768007C81BD /* Main.storyboard */,
				44AFC23125FE1F1E007C81BD /* ThirdViewController.swift */,
				44AFC22C25FE1EFB007C81BD /* DetailViewController.swift */,
				44AFC20225FE0768007C81BD /* Assets.xcassets */,
				44AFC20425FE0768007C81BD /* LaunchScreen.storyboard */,
				44AFC20725FE0768007C81BD /* Info.plist */,
			);
			path = storyboardnavigation;
			sourceTree = "<group>";
		};
		44AFC20F25FE0769007C81BD /* storyboardnavigationTests */ = {
			isa = PBXGroup;
			children = (
				44AFC21025FE0769007C81BD /* storyboardnavigationTests.swift */,
				44AFC21225FE0769007C81BD /* Info.plist */,
			);
			path = storyboardnavigationTests;
			sourceTree = "<group>";
		};
		44AFC21A25FE0769007C81BD /* storyboardnavigationUITests */ = {
			isa = PBXGroup;
			children = (
				44AFC21B25FE0769007C81BD /* storyboardnavigationUITests.swift */,
				44AFC21D25FE0769007C81BD /* Info.plist */,
			);
			path = storyboardnavigationUITests;
			sourceTree = "<group>";
		};
/* End PBXGroup section */

/* Begin PBXNativeTarget section */
		44AFC1F525FE0767007C81BD /* storyboardnavigation */ = {
			isa = PBXNativeTarget;
			buildConfigurationList = 44AFC22025FE0769007C81BD /* Build configuration list for PBXNativeTarget "storyboardnavigation" */;
			buildPhases = (
				44AFC1F225FE0767007C81BD /* Sources */,
				44AFC1F325FE0767007C81BD /* Frameworks */,
				44AFC1F425FE0767007C81BD /* Resources */,
			);
			buildRules = (
			);
			dependencies = (
			);
			name = storyboardnavigation;
			productName = storyboardnavigation;
			productReference = 44AFC1F625FE0768007C81BD /* storyboardnavigation.app */;
			productType = "com.apple.product-type.application";
		};
		44AFC20B25FE0769007C81BD /* storyboardnavigationTests */ = {
			isa = PBXNativeTarget;
			buildConfigurationList = 44AFC22325FE0769007C81BD /* Build configuration list for PBXNativeTarget "storyboardnavigationTests" */;
			buildPhases = (
				44AFC20825FE0769007C81BD /* Sources */,
				44AFC20925FE0769007C81BD /* Frameworks */,
				44AFC20A25FE0769007C81BD /* Resources */,
			);
			buildRules = (
			);
			dependencies = (
				44AFC20E25FE0769007C81BD /* PBXTargetDependency */,
			);
			name = storyboardnavigationTests;
			productName = storyboardnavigationTests;
			productReference = 44AFC20C25FE0769007C81BD /* storyboardnavigationTests.xctest */;
			productType = "com.apple.product-type.bundle.unit-test";
		};
		44AFC21625FE0769007C81BD /* storyboardnavigationUITests */ = {
			isa = PBXNativeTarget;
			buildConfigurationList = 44AFC22625FE0769007C81BD /* Build configuration list for PBXNativeTarget "storyboardnavigationUITests" */;
			buildPhases = (
				44AFC21325FE0769007C81BD /* Sources */,
				44AFC21425FE0769007C81BD /* Frameworks */,
				44AFC21525FE0769007C81BD /* Resources */,
			);
			buildRules = (
			);
			dependencies = (
				44AFC21925FE0769007C81BD /* PBXTargetDependency */,
			);
			name = storyboardnavigationUITests;
			productName = storyboardnavigationUITests;
			productReference = 44AFC21725FE0769007C81BD /* storyboardnavigationUITests.xctest */;
			productType = "com.apple.product-type.bundle.ui-testing";
		};
/* End PBXNativeTarget section */

/* Begin PBXProject section */
		44AFC1EE25FE0767007C81BD /* Project object */ = {
			isa = PBXProject;
			attributes = {
				LastSwiftUpdateCheck = 1240;
				LastUpgradeCheck = 1240;
				TargetAttributes = {
					44AFC1F525FE0767007C81BD = {
						CreatedOnToolsVersion = 12.4;
					};
					44AFC20B25FE0769007C81BD = {
						CreatedOnToolsVersion = 12.4;
						TestTargetID = 44AFC1F525FE0767007C81BD;
					};
					44AFC21625FE0769007C81BD = {
						CreatedOnToolsVersion = 12.4;
						TestTargetID = 44AFC1F525FE0767007C81BD;
					};
				};
			};
			buildConfigurationList = 44AFC1F125FE0767007C81BD /* Build configuration list for PBXProject "storyboardnavigation" */;
			compatibilityVersion = "Xcode 9.3";
			developmentRegion = en;
			hasScannedForEncodings = 0;
			knownRegions = (
				en,
				Base,
			);
			mainGroup = 44AFC1ED25FE0767007C81BD;
			productRefGroup = 44AFC1F725FE0768007C81BD /* Products */;
			projectDirPath = "";
			projectRoot = "";
			targets = (
				44AFC1F525FE0767007C81BD /* storyboardnavigation */,
				44AFC20B25FE0769007C81BD /* storyboardnavigationTests */,
				44AFC21625FE0769007C81BD /* storyboardnavigationUITests */,
			);
		};
/* End PBXProject section */

/* Begin PBXResourcesBuildPhase section */
		44AFC1F425FE0767007C81BD /* Resources */ = {
			isa = PBXResourcesBuildPhase;
			buildActionMask = 2147483647;
			files = (
				44AFC20625FE0768007C81BD /* LaunchScreen.storyboard in Resources */,
				44AFC20325FE0768007C81BD /* Assets.xcassets in Resources */,
				44AFC20125FE0768007C81BD /* Main.storyboard in Resources */,
			);
			runOnlyForDeploymentPostprocessing = 0;
		};
		44AFC20A25FE0769007C81BD /* Resources */ = {
			isa = PBXResourcesBuildPhase;
			buildActionMask = 2147483647;
			files = (
			);
			runOnlyForDeploymentPostprocessing = 0;
		};
		44AFC21525FE0769007C81BD /* Resources */ = {
			isa = PBXResourcesBuildPhase;
			buildActionMask = 2147483647;
			files = (
			);
			runOnlyForDeploymentPostprocessing = 0;
		};
/* End PBXResourcesBuildPhase section */

/* Begin PBXSourcesBuildPhase section */
		44AFC1F225FE0767007C81BD /* Sources */ = {
			isa = PBXSourcesBuildPhase;
			buildActionMask = 2147483647;
			files = (
				44AFC1FE25FE0768007C81BD /* ViewController.swift in Sources */,
				44AFC1FA25FE0768007C81BD /* AppDelegate.swift in Sources */,
				44AFC23225FE1F1E007C81BD /* ThirdViewController.swift in Sources */,
				44AFC1FC25FE0768007C81BD /* SceneDelegate.swift in Sources */,
				44AFC22D25FE1EFB007C81BD /* DetailViewController.swift in Sources */,
			);
			runOnlyForDeploymentPostprocessing = 0;
		};
		44AFC20825FE0769007C81BD /* Sources */ = {
			isa = PBXSourcesBuildPhase;
			buildActionMask = 2147483647;
			files = (
				44AFC21125FE0769007C81BD /* storyboardnavigationTests.swift in Sources */,
			);
			runOnlyForDeploymentPostprocessing = 0;
		};
		44AFC21325FE0769007C81BD /* Sources */ = {
			isa = PBXSourcesBuildPhase;
			buildActionMask = 2147483647;
			files = (
				44AFC21C25FE0769007C81BD /* storyboardnavigationUITests.swift in Sources */,
			);
			runOnlyForDeploymentPostprocessing = 0;
		};
/* End PBXSourcesBuildPhase section */

/* Begin PBXTargetDependency section */
		44AFC20E25FE0769007C81BD /* PBXTargetDependency */ = {
			isa = PBXTargetDependency;
			target = 44AFC1F525FE0767007C81BD /* storyboardnavigation */;
			targetProxy = 44AFC20D25FE0769007C81BD /* PBXContainerItemProxy */;
		};
		44AFC21925FE0769007C81BD /* PBXTargetDependency */ = {
			isa = PBXTargetDependency;
			target = 44AFC1F525FE0767007C81BD /* storyboardnavigation */;
			targetProxy = 44AFC21825FE0769007C81BD /* PBXContainerItemProxy */;
		};
/* End PBXTargetDependency section */

/* Begin PBXVariantGroup section */
		44AFC1FF25FE0768007C81BD /* Main.storyboard */ = {
			isa = PBXVariantGroup;
			children = (
				44AFC20025FE0768007C81BD /* Base */,
			);
			name = Main.storyboard;
			sourceTree = "<group>";
		};
		44AFC20425FE0768007C81BD /* LaunchScreen.storyboard */ = {
			isa = PBXVariantGroup;
			children = (
				44AFC20525FE0768007C81BD /* Base */,
			);
			name = LaunchScreen.storyboard;
			sourceTree = "<group>";
		};
/* End PBXVariantGroup section */

/* Begin XCBuildConfiguration section */
		44AFC21E25FE0769007C81BD /* Debug */ = {
			isa = XCBuildConfiguration;
			buildSettings = {
				ALWAYS_SEARCH_USER_PATHS = NO;
				CLANG_ANALYZER_NONNULL = YES;
				CLANG_ANALYZER_NUMBER_OBJECT_CONVERSION = YES_AGGRESSIVE;
				CLANG_CXX_LANGUAGE_STANDARD = "gnu++14";
				CLANG_CXX_LIBRARY = "libc++";
				CLANG_ENABLE_MODULES = YES;
				CLANG_ENABLE_OBJC_ARC = YES;
				CLANG_ENABLE_OBJC_WEAK = YES;
				CLANG_WARN_BLOCK_CAPTURE_AUTORELEASING = YES;
				CLANG_WARN_BOOL_CONVERSION = YES;
				CLANG_WARN_COMMA = YES;
				CLANG_WARN_CONSTANT_CONVERSION = YES;
				CLANG_WARN_DEPRECATED_OBJC_IMPLEMENTATIONS = YES;
				CLANG_WARN_DIRECT_OBJC_ISA_USAGE = YES_ERROR;
				CLANG_WARN_DOCUMENTATION_COMMENTS = YES;
				CLANG_WARN_EMPTY_BODY = YES;
				CLANG_WARN_ENUM_CONVERSION = YES;
				CLANG_WARN_INFINITE_RECURSION = YES;
				CLANG_WARN_INT_CONVERSION = YES;
				CLANG_WARN_NON_LITERAL_NULL_CONVERSION = YES;
				CLANG_WARN_OBJC_IMPLICIT_RETAIN_SELF = YES;
				CLANG_WARN_OBJC_LITERAL_CONVERSION = YES;
				CLANG_WARN_OBJC_ROOT_CLASS = YES_ERROR;
				CLANG_WARN_QUOTED_INCLUDE_IN_FRAMEWORK_HEADER = YES;
				CLANG_WARN_RANGE_LOOP_ANALYSIS = YES;
				CLANG_WARN_STRICT_PROTOTYPES = YES;
				CLANG_WARN_SUSPICIOUS_MOVE = YES;
				CLANG_WARN_UNGUARDED_AVAILABILITY = YES_AGGRESSIVE;
				CLANG_WARN_UNREACHABLE_CODE = YES;
				CLANG_WARN__DUPLICATE_METHOD_MATCH = YES;
				COPY_PHASE_STRIP = NO;
				DEBUG_INFORMATION_FORMAT = dwarf;
				ENABLE_STRICT_OBJC_MSGSEND = YES;
				ENABLE_TESTABILITY = YES;
				GCC_C_LANGUAGE_STANDARD = gnu11;
				GCC_DYNAMIC_NO_PIC = NO;
				GCC_NO_COMMON_BLOCKS = YES;
				GCC_OPTIMIZATION_LEVEL = 0;
				GCC_PREPROCESSOR_DEFINITIONS = (
					"DEBUG=1",
					"$(inherited)",
				);
				GCC_WARN_64_TO_32_BIT_CONVERSION = YES;
				GCC_WARN_ABOUT_RETURN_TYPE = YES_ERROR;
				GCC_WARN_UNDECLARED_SELECTOR = YES;
				GCC_WARN_UNINITIALIZED_AUTOS = YES_AGGRESSIVE;
				GCC_WARN_UNUSED_FUNCTION = YES;
				GCC_WARN_UNUSED_VARIABLE = YES;
				IPHONEOS_DEPLOYMENT_TARGET = 14.4;
				MTL_ENABLE_DEBUG_INFO = INCLUDE_SOURCE;
				MTL_FAST_MATH = YES;
				ONLY_ACTIVE_ARCH = YES;
				SDKROOT = iphoneos;
				SWIFT_ACTIVE_COMPILATION_CONDITIONS = DEBUG;
				SWIFT_OPTIMIZATION_LEVEL = "-Onone";
			};
			name = Debug;
		};
		44AFC21F25FE0769007C81BD /* Release */ = {
			isa = XCBuildConfiguration;
			buildSettings = {
				ALWAYS_SEARCH_USER_PATHS = NO;
				CLANG_ANALYZER_NONNULL = YES;
				CLANG_ANALYZER_NUMBER_OBJECT_CONVERSION = YES_AGGRESSIVE;
				CLANG_CXX_LANGUAGE_STANDARD = "gnu++14";
				CLANG_CXX_LIBRARY = "libc++";
				CLANG_ENABLE_MODULES = YES;
				CLANG_ENABLE_OBJC_ARC = YES;
				CLANG_ENABLE_OBJC_WEAK = YES;
				CLANG_WARN_BLOCK_CAPTURE_AUTORELEASING = YES;
				CLANG_WARN_BOOL_CONVERSION = YES;
				CLANG_WARN_COMMA = YES;
				CLANG_WARN_CONSTANT_CONVERSION = YES;
				CLANG_WARN_DEPRECATED_OBJC_IMPLEMENTATIONS = YES;
				CLANG_WARN_DIRECT_OBJC_ISA_USAGE = YES_ERROR;
				CLANG_WARN_DOCUMENTATION_COMMENTS = YES;
				CLANG_WARN_EMPTY_BODY = YES;
				CLANG_WARN_ENUM_CONVERSION = YES;
				CLANG_WARN_INFINITE_RECURSION = YES;
				CLANG_WARN_INT_CONVERSION = YES;
				CLANG_WARN_NON_LITERAL_NULL_CONVERSION = YES;
				CLANG_WARN_OBJC_IMPLICIT_RETAIN_SELF = YES;
				CLANG_WARN_OBJC_LITERAL_CONVERSION = YES;
				CLANG_WARN_OBJC_ROOT_CLASS = YES_ERROR;
				CLANG_WARN_QUOTED_INCLUDE_IN_FRAMEWORK_HEADER = YES;
				CLANG_WARN_RANGE_LOOP_ANALYSIS = YES;
				CLANG_WARN_STRICT_PROTOTYPES = YES;
				CLANG_WARN_SUSPICIOUS_MOVE = YES;
				CLANG_WARN_UNGUARDED_AVAILABILITY = YES_AGGRESSIVE;
				CLANG_WARN_UNREACHABLE_CODE = YES;
				CLANG_WARN__DUPLICATE_METHOD_MATCH = YES;
				COPY_PHASE_STRIP = NO;
				DEBUG_INFORMATION_FORMAT = "dwarf-with-dsym";
				ENABLE_NS_ASSERTIONS = NO;
				ENABLE_STRICT_OBJC_MSGSEND = YES;
				GCC_C_LANGUAGE_STANDARD = gnu11;
				GCC_NO_COMMON_BLOCKS = YES;
				GCC_WARN_64_TO_32_BIT_CONVERSION = YES;
				GCC_WARN_ABOUT_RETURN_TYPE = YES_ERROR;
				GCC_WARN_UNDECLARED_SELECTOR = YES;
				GCC_WARN_UNINITIALIZED_AUTOS = YES_AGGRESSIVE;
				GCC_WARN_UNUSED_FUNCTION = YES;
				GCC_WARN_UNUSED_VARIABLE = YES;
				IPHONEOS_DEPLOYMENT_TARGET = 14.4;
				MTL_ENABLE_DEBUG_INFO = NO;
				MTL_FAST_MATH = YES;
				SDKROOT = iphoneos;
				SWIFT_COMPILATION_MODE = wholemodule;
				SWIFT_OPTIMIZATION_LEVEL = "-O";
				VALIDATE_PRODUCT = YES;
			};
			name = Release;
		};
		44AFC22125FE0769007C81BD /* Debug */ = {
			isa = XCBuildConfiguration;
			buildSettings = {
				ASSETCATALOG_COMPILER_APPICON_NAME = AppIcon;
				ASSETCATALOG_COMPILER_GLOBAL_ACCENT_COLOR_NAME = AccentColor;
				CODE_SIGN_STYLE = Automatic;
				INFOPLIST_FILE = storyboardnavigation/Info.plist;
				LD_RUNPATH_SEARCH_PATHS = (
					"$(inherited)",
					"@executable_path/Frameworks",
				);
				PRODUCT_BUNDLE_IDENTIFIER = com.getweys.storyboardnavigation;
				PRODUCT_NAME = "$(TARGET_NAME)";
				SWIFT_VERSION = 5.0;
				TARGETED_DEVICE_FAMILY = "1,2";
			};
			name = Debug;
		};
		44AFC22225FE0769007C81BD /* Release */ = {
			isa = XCBuildConfiguration;
			buildSettings = {
				ASSETCATALOG_COMPILER_APPICON_NAME = AppIcon;
				ASSETCATALOG_COMPILER_GLOBAL_ACCENT_COLOR_NAME = AccentColor;
				CODE_SIGN_STYLE = Automatic;
				INFOPLIST_FILE = storyboardnavigation/Info.plist;
				LD_RUNPATH_SEARCH_PATHS = (
					"$(inherited)",
					"@executable_path/Frameworks",
				);
				PRODUCT_BUNDLE_IDENTIFIER = com.getweys.storyboardnavigation;
				PRODUCT_NAME = "$(TARGET_NAME)";
				SWIFT_VERSION = 5.0;
				TARGETED_DEVICE_FAMILY = "1,2";
			};
			name = Release;
		};
		44AFC22425FE0769007C81BD /* Debug */ = {
			isa = XCBuildConfiguration;
			buildSettings = {
				ALWAYS_EMBED_SWIFT_STANDARD_LIBRARIES = YES;
				BUNDLE_LOADER = "$(TEST_HOST)";
				CODE_SIGN_STYLE = Automatic;
				INFOPLIST_FILE = storyboardnavigationTests/Info.plist;
				IPHONEOS_DEPLOYMENT_TARGET = 14.4;
				LD_RUNPATH_SEARCH_PATHS = (
					"$(inherited)",
					"@executable_path/Frameworks",
					"@loader_path/Frameworks",
				);
				PRODUCT_BUNDLE_IDENTIFIER = com.getweys.storyboardnavigationTests;
				PRODUCT_NAME = "$(TARGET_NAME)";
				SWIFT_VERSION = 5.0;
				TARGETED_DEVICE_FAMILY = "1,2";
				TEST_HOST = "$(BUILT_PRODUCTS_DIR)/storyboardnavigation.app/storyboardnavigation";
			};
			name = Debug;
		};
		44AFC22525FE0769007C81BD /* Release */ = {
			isa = XCBuildConfiguration;
			buildSettings = {
				ALWAYS_EMBED_SWIFT_STANDARD_LIBRARIES = YES;
				BUNDLE_LOADER = "$(TEST_HOST)";
				CODE_SIGN_STYLE = Automatic;
				INFOPLIST_FILE = storyboardnavigationTests/Info.plist;
				IPHONEOS_DEPLOYMENT_TARGET = 14.4;
				LD_RUNPATH_SEARCH_PATHS = (
					"$(inherited)",
					"@executable_path/Frameworks",
					"@loader_path/Frameworks",
				);
				PRODUCT_BUNDLE_IDENTIFIER = com.getweys.storyboardnavigationTests;
				PRODUCT_NAME = "$(TARGET_NAME)";
				SWIFT_VERSION = 5.0;
				TARGETED_DEVICE_FAMILY = "1,2";
				TEST_HOST = "$(BUILT_PRODUCTS_DIR)/storyboardnavigation.app/storyboardnavigation";
			};
			name = Release;
		};
		44AFC22725FE0769007C81BD /* Debug */ = {
			isa = XCBuildConfiguration;
			buildSettings = {
				ALWAYS_EMBED_SWIFT_STANDARD_LIBRARIES = YES;
				CODE_SIGN_STYLE = Automatic;
				INFOPLIST_FILE = storyboardnavigationUITests/Info.plist;
				LD_RUNPATH_SEARCH_PATHS = (
					"$(inherited)",
					"@executable_path/Frameworks",
					"@loader_path/Frameworks",
				);
				PRODUCT_BUNDLE_IDENTIFIER = com.getweys.storyboardnavigationUITests;
				PRODUCT_NAME = "$(TARGET_NAME)";
				SWIFT_VERSION = 5.0;
				TARGETED_DEVICE_FAMILY = "1,2";
				TEST_TARGET_NAME = storyboardnavigation;
			};
			name = Debug;
		};
		44AFC22825FE0769007C81BD /* Release */ = {
			isa = XCBuildConfiguration;
			buildSettings = {
				ALWAYS_EMBED_SWIFT_STANDARD_LIBRARIES = YES;
				CODE_SIGN_STYLE = Automatic;
				INFOPLIST_FILE = storyboardnavigationUITests/Info.plist;
				LD_RUNPATH_SEARCH_PATHS = (
					"$(inherited)",
					"@executable_path/Frameworks",
					"@loader_path/Frameworks",
				);
				PRODUCT_BUNDLE_IDENTIFIER = com.getweys.storyboardnavigationUITests;
				PRODUCT_NAME = "$(TARGET_NAME)";
				SWIFT_VERSION = 5.0;
				TARGETED_DEVICE_FAMILY = "1,2";
				TEST_TARGET_NAME = storyboardnavigation;
			};
			name = Release;
		};
/* End XCBuildConfiguration section */

/* Begin XCConfigurationList section */
		44AFC1F125FE0767007C81BD /* Build configuration list for PBXProject "storyboardnavigation" */ = {
			isa = XCConfigurationList;
			buildConfigurations = (
				44AFC21E25FE0769007C81BD /* Debug */,
				44AFC21F25FE0769007C81BD /* Release */,
			);
			defaultConfigurationIsVisible = 0;
			defaultConfigurationName = Release;
		};
		44AFC22025FE0769007C81BD /* Build configuration list for PBXNativeTarget "storyboardnavigation" */ = {
			isa = XCConfigurationList;
			buildConfigurations = (
				44AFC22125FE0769007C81BD /* Debug */,
				44AFC22225FE0769007C81BD /* Release */,
			);
			defaultConfigurationIsVisible = 0;
			defaultConfigurationName = Release;
		};
		44AFC22325FE0769007C81BD /* Build configuration list for PBXNativeTarget "storyboardnavigationTests" */ = {
			isa = XCConfigurationList;
			buildConfigurations = (
				44AFC22425FE0769007C81BD /* Debug */,
				44AFC22525FE0769007C81BD /* Release */,
			);
			defaultConfigurationIsVisible = 0;
			defaultConfigurationName = Release;
		};
		44AFC22625FE0769007C81BD /* Build configuration list for PBXNativeTarget "storyboardnavigationUITests" */ = {
			isa = XCConfigurationList;
			buildConfigurations = (
				44AFC22725FE0769007C81BD /* Debug */,
				44AFC22825FE0769007C81BD /* Release */,
			);
			defaultConfigurationIsVisible = 0;
			defaultConfigurationName = Release;
		};
/* End XCConfigurationList section */
	};
	rootObject = 44AFC1EE25FE0767007C81BD /* Project object */;
}
